{
  "name": "simple-https-server",
  "version": "1.0.0",
  "lockfileVersion": 1,
  "requires": true,
  "dependencies": {
    "ip": {
      "version": "1.1.8",
      "resolved": "https://registry.npmjs.org/ip/-/ip-1.1.8.tgz",
      "integrity": "sha512-PuExPYUiu6qMBQb4l06ecm6T6ujzhmh+MeJcW9wa89PoAz5pvd4zPgN5WJV104mb6S2T1AwNIAaB70JNrLQWhg=="
    }
  }
}
